
Microsoft Visual Studio Solution File, Format Version 12.00
# Visual Studio 15
VisualStudioVersion = 15.0.28010.2048
MinimumVisualStudioVersion = 10.0.40219.1
Project("{FAE04EC0-301F-11D3-BF4B-00C04F79EFBC}") = "QuanLyTraSua", "QuanLyTraSua\QuanLyTraSua.csproj", "{6FDD7A67-3C55-4D2B-BE2A-FBFD307F2773}"
EndProject
Global
	GlobalSection(SolutionConfigurationPlatforms) = preSolution
		Debug|Any CPU = Debug|Any CPU
		Release|Any CPU = Release|Any CPU
	EndGlobalSection
	GlobalSection(ProjectConfigurationPlatforms) = postSolution
		{6FDD7A67-3C55-4D2B-BE2A-FBFD307F2773}.Debug|Any CPU.ActiveCfg = Debug|Any CPU
		{6FDD7A67-3C55-4D2B-BE2A-FBFD307F2773}.Debug|Any CPU.Build.0 = Debug|Any CPU
		{6FDD7A67-3C55-4D2B-BE2A-FBFD307F2773}.Release|Any CPU.ActiveCfg = Release|Any CPU
		{6FDD7A67-3C55-4D2B-BE2A-FBFD307F2773}.Release|Any CPU.Build.0 = Release|Any CPU
	EndGlobalSection
	GlobalSection(SolutionProperties) = preSolution
		HideSolutionNode = FALSE
	EndGlobalSection
	GlobalSection(ExtensibilityGlobals) = postSolution
		SolutionGuid = {9958BA98-7D8B-4E17-BF49-A5C6EFA30ACF}
	EndGlobalSection
EndGlobal
